
Microsoft Visual Studio Solution File, Format Version 12.00
# Visual Studio Version 16
VisualStudioVersion = 16.0.31515.178
MinimumVisualStudioVersion = 10.0.40219.1
Project("{FAE04EC0-301F-11D3-BF4B-00C04F79EFBC}") = "Projeto02", "Projeto02\Projeto02.csproj", "{EFBECC91-13FD-4244-BE52-A9DC941F6A0C}"
EndProject
Global
	GlobalSection(SolutionConfigurationPlatforms) = preSolution
		Debug|Any CPU = Debug|Any CPU
		Release|Any CPU = Release|Any CPU
	EndGlobalSection
	GlobalSection(ProjectConfigurationPlatforms) = postSolution
		{EFBECC91-13FD-4244-BE52-A9DC941F6A0C}.Debug|Any CPU.ActiveCfg = Debug|Any CPU
		{EFBECC91-13FD-4244-BE52-A9DC941F6A0C}.Debug|Any CPU.Build.0 = Debug|Any CPU
		{EFBECC91-13FD-4244-BE52-A9DC941F6A0C}.Release|Any CPU.ActiveCfg = Release|Any CPU
		{EFBECC91-13FD-4244-BE52-A9DC941F6A0C}.Release|Any CPU.Build.0 = Release|Any CPU
	EndGlobalSection
	GlobalSection(SolutionProperties) = preSolution
		HideSolutionNode = FALSE
	EndGlobalSection
	GlobalSection(ExtensibilityGlobals) = postSolution
		SolutionGuid = {6863BDB7-645F-43BA-A57C-4137DCF5A457}
	EndGlobalSection
EndGlobal
